// !$*UTF8*$!
{
	archiveVersion = 1;
	classes = {
	};
	objectVersion = 51;
	objects = {

/* Begin PBXBuildFile section */
		400078E223F70F9B0084C8D4 /* Logo.swift in Sources */ = {isa = PBXBuildFile; fileRef = 400078E123F70F9B0084C8D4 /* Logo.swift */; };
		400078E423F710000084C8D4 /* M.jpg in Resources */ = {isa = PBXBuildFile; fileRef = 400078E323F710000084C8D4 /* M.jpg */; };
		402824D923E49CF30039C74A /* AppDelegate.swift in Sources */ = {isa = PBXBuildFile; fileRef = 402824D823E49CF30039C74A /* AppDelegate.swift */; };
		402824DB23E49CF30039C74A /* SceneDelegate.swift in Sources */ = {isa = PBXBuildFile; fileRef = 402824DA23E49CF30039C74A /* SceneDelegate.swift */; };
		402824DD23E49CF30039C74A /* ContentView.swift in Sources */ = {isa = PBXBuildFile; fileRef = 402824DC23E49CF30039C74A /* ContentView.swift */; };
		402824DF23E49CF60039C74A /* Assets.xcassets in Resources */ = {isa = PBXBuildFile; fileRef = 402824DE23E49CF60039C74A /* Assets.xcassets */; };
		402824E223E49CF60039C74A /* Preview Assets.xcassets in Resources */ = {isa = PBXBuildFile; fileRef = 402824E123E49CF60039C74A /* Preview Assets.xcassets */; };
		402824E523E49CF60039C74A /* LaunchScreen.storyboard in Resources */ = {isa = PBXBuildFile; fileRef = 402824E323E49CF60039C74A /* LaunchScreen.storyboard */; };
		402824F023E49CF60039C74A /* MuseifyTests.swift in Sources */ = {isa = PBXBuildFile; fileRef = 402824EF23E49CF60039C74A /* MuseifyTests.swift */; };
		402824FB23E49CF60039C74A /* MuseifyUITests.swift in Sources */ = {isa = PBXBuildFile; fileRef = 402824FA23E49CF60039C74A /* MuseifyUITests.swift */; };
		4038047223F245B40067F979 /* Authentication.swift in Sources */ = {isa = PBXBuildFile; fileRef = 4038047123F245B40067F979 /* Authentication.swift */; };
		403C51BD23F0DB2E0040C47D /* GoogleService-Info.plist in Resources */ = {isa = PBXBuildFile; fileRef = 403C51BC23F0DB2E0040C47D /* GoogleService-Info.plist */; };
		404C81AD242EA7B8003AF2AB /* HuntKey.swift in Sources */ = {isa = PBXBuildFile; fileRef = 404C81AC242EA7B8003AF2AB /* HuntKey.swift */; };
		404C81AF242EAD60003AF2AB /* ImagePicker.swift in Sources */ = {isa = PBXBuildFile; fileRef = 404C81AE242EAD60003AF2AB /* ImagePicker.swift */; };
		404C81B1242EB2A5003AF2AB /* ChooseImageFromLib.swift in Sources */ = {isa = PBXBuildFile; fileRef = 404C81B0242EB2A5003AF2AB /* ChooseImageFromLib.swift */; };
		404C81B3242EB391003AF2AB /* PhotoCaptureView.swift in Sources */ = {isa = PBXBuildFile; fileRef = 404C81B2242EB391003AF2AB /* PhotoCaptureView.swift */; };
		405391B224241F81008117FE /* DisplayImage.swift in Sources */ = {isa = PBXBuildFile; fileRef = 405391B124241F81008117FE /* DisplayImage.swift */; };
		40A1AAF3241D55DE004B0DDD /* UploadImage.swift in Sources */ = {isa = PBXBuildFile; fileRef = 40A1AAF2241D55DE004B0DDD /* UploadImage.swift */; };
		40BC9619240AF9BA00DCD4C9 /* ProfilePage.swift in Sources */ = {isa = PBXBuildFile; fileRef = 40BC9618240AF9BA00DCD4C9 /* ProfilePage.swift */; };
		40F829D22437A64800AF40AB /* ChooseCoverImage.swift in Sources */ = {isa = PBXBuildFile; fileRef = 40F829D12437A64800AF40AB /* ChooseCoverImage.swift */; };
		8D08173E2411DF5B000C217F /* UploadLogo.swift in Sources */ = {isa = PBXBuildFile; fileRef = 8D08173D2411DF5B000C217F /* UploadLogo.swift */; };
		8D081740241C1EBE000C217F /* CreateAHunt.swift in Sources */ = {isa = PBXBuildFile; fileRef = 8D08173F241C1EBE000C217F /* CreateAHunt.swift */; };
		8D081744241C280C000C217F /* CreateAStop.swift in Sources */ = {isa = PBXBuildFile; fileRef = 8D081743241C280C000C217F /* CreateAStop.swift */; };
		8D9EE32C23FC51730022B9C9 /* SignUpOrLogIn.swift in Sources */ = {isa = PBXBuildFile; fileRef = 8D9EE32B23FC51730022B9C9 /* SignUpOrLogIn.swift */; };
		8D9EE32E23FC51E70022B9C9 /* LogIn.swift in Sources */ = {isa = PBXBuildFile; fileRef = 8D9EE32D23FC51E70022B9C9 /* LogIn.swift */; };
		8D9EE33023FC526D0022B9C9 /* SignUp.swift in Sources */ = {isa = PBXBuildFile; fileRef = 8D9EE32F23FC526D0022B9C9 /* SignUp.swift */; };
		8DB984752436D566009CDBF2 /* HuntStops.swift in Sources */ = {isa = PBXBuildFile; fileRef = 8DB984742436D566009CDBF2 /* HuntStops.swift */; };
		8DCD67952436B4CA00AA6C44 /* Search.swift in Sources */ = {isa = PBXBuildFile; fileRef = 8DCD67942436B4C900AA6C44 /* Search.swift */; };
		8DCD679B2436B85D00AA6C44 /* HuntRow.swift in Sources */ = {isa = PBXBuildFile; fileRef = 8DCD679A2436B85D00AA6C44 /* HuntRow.swift */; };
		BC391EEE0BC9D923574EA15D /* Pods_Museify.framework in Frameworks */ = {isa = PBXBuildFile; fileRef = FA3A8909C8A4B50CDCA699A1 /* Pods_Museify.framework */; };
		F3DF62A7C06E1DDF5408F2FA /* Pods_Museify_MuseifyUITests.framework in Frameworks */ = {isa = PBXBuildFile; fileRef = D6645B03DD39EEE588E1CDBC /* Pods_Museify_MuseifyUITests.framework */; };
		F4D9FF6A0A516B56754F8C9D /* Pods_MuseifyTests.framework in Frameworks */ = {isa = PBXBuildFile; fileRef = 548AD5BFDF47EE35A2657A4E /* Pods_MuseifyTests.framework */; };
/* End PBXBuildFile section */

/* Begin PBXContainerItemProxy section */
		402824EC23E49CF60039C74A /* PBXContainerItemProxy */ = {
			isa = PBXContainerItemProxy;
			containerPortal = 402824CD23E49CF20039C74A /* Project object */;
			proxyType = 1;
			remoteGlobalIDString = 402824D423E49CF20039C74A;
			remoteInfo = Museify;
		};
		402824F723E49CF60039C74A /* PBXContainerItemProxy */ = {
			isa = PBXContainerItemProxy;
			containerPortal = 402824CD23E49CF20039C74A /* Project object */;
			proxyType = 1;
			remoteGlobalIDString = 402824D423E49CF20039C74A;
			remoteInfo = Museify;
		};
/* End PBXContainerItemProxy section */

/* Begin PBXFileReference section */
		12F9DCDB0043B0AB08C46750 /* Pods-Museify.debug.xcconfig */ = {isa = PBXFileReference; includeInIndex = 1; lastKnownFileType = text.xcconfig; name = "Pods-Museify.debug.xcconfig"; path = "Target Support Files/Pods-Museify/Pods-Museify.debug.xcconfig"; sourceTree = "<group>"; };
		334D51CB520623C18A6D7370 /* Pods-MuseifyTests.debug.xcconfig */ = {isa = PBXFileReference; includeInIndex = 1; lastKnownFileType = text.xcconfig; name = "Pods-MuseifyTests.debug.xcconfig"; path = "Target Support Files/Pods-MuseifyTests/Pods-MuseifyTests.debug.xcconfig"; sourceTree = "<group>"; };
		400078E123F70F9B0084C8D4 /* Logo.swift */ = {isa = PBXFileReference; lastKnownFileType = sourcecode.swift; path = Logo.swift; sourceTree = "<group>"; };
		400078E323F710000084C8D4 /* M.jpg */ = {isa = PBXFileReference; lastKnownFileType = image.jpeg; name = M.jpg; path = ../../M.jpg; sourceTree = "<group>"; };
		402824D523E49CF30039C74A /* Museify.app */ = {isa = PBXFileReference; explicitFileType = wrapper.application; includeInIndex = 0; path = Museify.app; sourceTree = BUILT_PRODUCTS_DIR; };
		402824D823E49CF30039C74A /* AppDelegate.swift */ = {isa = PBXFileReference; lastKnownFileType = sourcecode.swift; path = AppDelegate.swift; sourceTree = "<group>"; };
		402824DA23E49CF30039C74A /* SceneDelegate.swift */ = {isa = PBXFileReference; lastKnownFileType = sourcecode.swift; path = SceneDelegate.swift; sourceTree = "<group>"; };
		402824DC23E49CF30039C74A /* ContentView.swift */ = {isa = PBXFileReference; lastKnownFileType = sourcecode.swift; path = ContentView.swift; sourceTree = "<group>"; };
		402824DE23E49CF60039C74A /* Assets.xcassets */ = {isa = PBXFileReference; lastKnownFileType = folder.assetcatalog; path = Assets.xcassets; sourceTree = "<group>"; };
		402824E123E49CF60039C74A /* Preview Assets.xcassets */ = {isa = PBXFileReference; lastKnownFileType = folder.assetcatalog; path = "Preview Assets.xcassets"; sourceTree = "<group>"; };
		402824E423E49CF60039C74A /* Base */ = {isa = PBXFileReference; lastKnownFileType = file.storyboard; name = Base; path = Base.lproj/LaunchScreen.storyboard; sourceTree = "<group>"; };
		402824E623E49CF60039C74A /* Info.plist */ = {isa = PBXFileReference; lastKnownFileType = text.plist.xml; path = Info.plist; sourceTree = "<group>"; };
		402824EB23E49CF60039C74A /* MuseifyTests.xctest */ = {isa = PBXFileReference; explicitFileType = wrapper.cfbundle; includeInIndex = 0; path = MuseifyTests.xctest; sourceTree = BUILT_PRODUCTS_DIR; };
		402824EF23E49CF60039C74A /* MuseifyTests.swift */ = {isa = PBXFileReference; lastKnownFileType = sourcecode.swift; path = MuseifyTests.swift; sourceTree = "<group>"; };
		402824F123E49CF60039C74A /* Info.plist */ = {isa = PBXFileReference; lastKnownFileType = text.plist.xml; path = Info.plist; sourceTree = "<group>"; };
		402824F623E49CF60039C74A /* MuseifyUITests.xctest */ = {isa = PBXFileReference; explicitFileType = wrapper.cfbundle; includeInIndex = 0; path = MuseifyUITests.xctest; sourceTree = BUILT_PRODUCTS_DIR; };
		402824FA23E49CF60039C74A /* MuseifyUITests.swift */ = {isa = PBXFileReference; lastKnownFileType = sourcecode.swift; path = MuseifyUITests.swift; sourceTree = "<group>"; };
		402824FC23E49CF60039C74A /* Info.plist */ = {isa = PBXFileReference; lastKnownFileType = text.plist.xml; path = Info.plist; sourceTree = "<group>"; };
		4038047123F245B40067F979 /* Authentication.swift */ = {isa = PBXFileReference; lastKnownFileType = sourcecode.swift; path = Authentication.swift; sourceTree = "<group>"; };
		403C51BC23F0DB2E0040C47D /* GoogleService-Info.plist */ = {isa = PBXFileReference; fileEncoding = 4; lastKnownFileType = text.plist.xml; name = "GoogleService-Info.plist"; path = "../../../Downloads/GoogleService-Info.plist"; sourceTree = "<group>"; };
		404C81AC242EA7B8003AF2AB /* HuntKey.swift */ = {isa = PBXFileReference; lastKnownFileType = sourcecode.swift; path = HuntKey.swift; sourceTree = "<group>"; };
		404C81AE242EAD60003AF2AB /* ImagePicker.swift */ = {isa = PBXFileReference; lastKnownFileType = sourcecode.swift; path = ImagePicker.swift; sourceTree = "<group>"; };
		404C81B0242EB2A5003AF2AB /* ChooseImageFromLib.swift */ = {isa = PBXFileReference; lastKnownFileType = sourcecode.swift; path = ChooseImageFromLib.swift; sourceTree = "<group>"; };
		404C81B2242EB391003AF2AB /* PhotoCaptureView.swift */ = {isa = PBXFileReference; lastKnownFileType = sourcecode.swift; path = PhotoCaptureView.swift; sourceTree = "<group>"; };
		405391B124241F81008117FE /* DisplayImage.swift */ = {isa = PBXFileReference; lastKnownFileType = sourcecode.swift; path = DisplayImage.swift; sourceTree = "<group>"; };
		40A1AAF2241D55DE004B0DDD /* UploadImage.swift */ = {isa = PBXFileReference; lastKnownFileType = sourcecode.swift; path = UploadImage.swift; sourceTree = "<group>"; };
		40BC9618240AF9BA00DCD4C9 /* ProfilePage.swift */ = {isa = PBXFileReference; lastKnownFileType = sourcecode.swift; path = ProfilePage.swift; sourceTree = "<group>"; };
		40F829D12437A64800AF40AB /* ChooseCoverImage.swift */ = {isa = PBXFileReference; lastKnownFileType = sourcecode.swift; path = ChooseCoverImage.swift; sourceTree = "<group>"; };
		548AD5BFDF47EE35A2657A4E /* Pods_MuseifyTests.framework */ = {isa = PBXFileReference; explicitFileType = wrapper.framework; includeInIndex = 0; path = Pods_MuseifyTests.framework; sourceTree = BUILT_PRODUCTS_DIR; };
		7FBF0DDE23DB351DE4505B41 /* Pods-Museify-MuseifyUITests.release.xcconfig */ = {isa = PBXFileReference; includeInIndex = 1; lastKnownFileType = text.xcconfig; name = "Pods-Museify-MuseifyUITests.release.xcconfig"; path = "Target Support Files/Pods-Museify-MuseifyUITests/Pods-Museify-MuseifyUITests.release.xcconfig"; sourceTree = "<group>"; };
		8D08173D2411DF5B000C217F /* UploadLogo.swift */ = {isa = PBXFileReference; lastKnownFileType = sourcecode.swift; path = UploadLogo.swift; sourceTree = "<group>"; };
		8D08173F241C1EBE000C217F /* CreateAHunt.swift */ = {isa = PBXFileReference; lastKnownFileType = sourcecode.swift; path = CreateAHunt.swift; sourceTree = "<group>"; };
		8D081743241C280C000C217F /* CreateAStop.swift */ = {isa = PBXFileReference; lastKnownFileType = sourcecode.swift; path = CreateAStop.swift; sourceTree = "<group>"; };
		8D9EE32B23FC51730022B9C9 /* SignUpOrLogIn.swift */ = {isa = PBXFileReference; lastKnownFileType = sourcecode.swift; path = SignUpOrLogIn.swift; sourceTree = "<group>"; };
		8D9EE32D23FC51E70022B9C9 /* LogIn.swift */ = {isa = PBXFileReference; lastKnownFileType = sourcecode.swift; path = LogIn.swift; sourceTree = "<group>"; };
		8D9EE32F23FC526D0022B9C9 /* SignUp.swift */ = {isa = PBXFileReference; lastKnownFileType = sourcecode.swift; path = SignUp.swift; sourceTree = "<group>"; };
		8DB984742436D566009CDBF2 /* HuntStops.swift */ = {isa = PBXFileReference; lastKnownFileType = sourcecode.swift; path = HuntStops.swift; sourceTree = "<group>"; };
		8DCD67942436B4C900AA6C44 /* Search.swift */ = {isa = PBXFileReference; lastKnownFileType = sourcecode.swift; path = Search.swift; sourceTree = "<group>"; };
		8DCD679A2436B85D00AA6C44 /* HuntRow.swift */ = {isa = PBXFileReference; lastKnownFileType = sourcecode.swift; path = HuntRow.swift; sourceTree = "<group>"; };
		B2A58F469DB8BA0ECC12C646 /* Pods-Museify-MuseifyUITests.debug.xcconfig */ = {isa = PBXFileReference; includeInIndex = 1; lastKnownFileType = text.xcconfig; name = "Pods-Museify-MuseifyUITests.debug.xcconfig"; path = "Target Support Files/Pods-Museify-MuseifyUITests/Pods-Museify-MuseifyUITests.debug.xcconfig"; sourceTree = "<group>"; };
		D46241219661C9D600006C06 /* Pods-MuseifyTests.release.xcconfig */ = {isa = PBXFileReference; includeInIndex = 1; lastKnownFileType = text.xcconfig; name = "Pods-MuseifyTests.release.xcconfig"; path = "Target Support Files/Pods-MuseifyTests/Pods-MuseifyTests.release.xcconfig"; sourceTree = "<group>"; };
		D6645B03DD39EEE588E1CDBC /* Pods_Museify_MuseifyUITests.framework */ = {isa = PBXFileReference; explicitFileType = wrapper.framework; includeInIndex = 0; path = Pods_Museify_MuseifyUITests.framework; sourceTree = BUILT_PRODUCTS_DIR; };
		FA3A8909C8A4B50CDCA699A1 /* Pods_Museify.framework */ = {isa = PBXFileReference; explicitFileType = wrapper.framework; includeInIndex = 0; path = Pods_Museify.framework; sourceTree = BUILT_PRODUCTS_DIR; };
		FB943E9A5F4D2CF3AB680236 /* Pods-Museify.release.xcconfig */ = {isa = PBXFileReference; includeInIndex = 1; lastKnownFileType = text.xcconfig; name = "Pods-Museify.release.xcconfig"; path = "Target Support Files/Pods-Museify/Pods-Museify.release.xcconfig"; sourceTree = "<group>"; };
/* End PBXFileReference section */

/* Begin PBXFrameworksBuildPhase section */
		402824D223E49CF20039C74A /* Frameworks */ = {
			isa = PBXFrameworksBuildPhase;
			buildActionMask = 2147483647;
			files = (
				BC391EEE0BC9D923574EA15D /* Pods_Museify.framework in Frameworks */,
			);
			runOnlyForDeploymentPostprocessing = 0;
		};
		402824E823E49CF60039C74A /* Frameworks */ = {
			isa = PBXFrameworksBuildPhase;
			buildActionMask = 2147483647;
			files = (
				F4D9FF6A0A516B56754F8C9D /* Pods_MuseifyTests.framework in Frameworks */,
			);
			runOnlyForDeploymentPostprocessing = 0;
		};
		402824F323E49CF60039C74A /* Frameworks */ = {
			isa = PBXFrameworksBuildPhase;
			buildActionMask = 2147483647;
			files = (
				F3DF62A7C06E1DDF5408F2FA /* Pods_Museify_MuseifyUITests.framework in Frameworks */,
			);
			runOnlyForDeploymentPostprocessing = 0;
		};
/* End PBXFrameworksBuildPhase section */

/* Begin PBXGroup section */
		402824CC23E49CF20039C74A = {
			isa = PBXGroup;
			children = (
				402824D723E49CF30039C74A /* Museify */,
				402824EE23E49CF60039C74A /* MuseifyTests */,
				402824F923E49CF60039C74A /* MuseifyUITests */,
				402824D623E49CF30039C74A /* Products */,
				C519D12A521D002EA204009B /* Pods */,
				BDCE12044B2D92E8D7D17228 /* Frameworks */,
			);
			sourceTree = "<group>";
		};
		402824D623E49CF30039C74A /* Products */ = {
			isa = PBXGroup;
			children = (
				402824D523E49CF30039C74A /* Museify.app */,
				402824EB23E49CF60039C74A /* MuseifyTests.xctest */,
				402824F623E49CF60039C74A /* MuseifyUITests.xctest */,
			);
			name = Products;
			sourceTree = "<group>";
		};
		402824D723E49CF30039C74A /* Museify */ = {
			isa = PBXGroup;
			children = (
				8DB984772436DA1F009CDBF2 /* Authentication */,
				8DB984762436D9EB009CDBF2 /* UploadingOrDownloadingPhotos */,
				8DB984782436DA5F009CDBF2 /* SearchingOrParticipatingInHunt */,
				8DB984792436DA93009CDBF2 /* CreatingAHunt */,
				402824DA23E49CF30039C74A /* SceneDelegate.swift */,
				402824DC23E49CF30039C74A /* ContentView.swift */,
				402824D823E49CF30039C74A /* AppDelegate.swift */,
				40BC9618240AF9BA00DCD4C9 /* ProfilePage.swift */,
				400078E123F70F9B0084C8D4 /* Logo.swift */,
				404C81AC242EA7B8003AF2AB /* HuntKey.swift */,
				400078E323F710000084C8D4 /* M.jpg */,
				402824DE23E49CF60039C74A /* Assets.xcassets */,
				402824E323E49CF60039C74A /* LaunchScreen.storyboard */,
				403C51BC23F0DB2E0040C47D /* GoogleService-Info.plist */,
				402824E623E49CF60039C74A /* Info.plist */,
				402824E023E49CF60039C74A /* Preview Content */,
			);
			path = Museify;
			sourceTree = "<group>";
		};
		402824E023E49CF60039C74A /* Preview Content */ = {
			isa = PBXGroup;
			children = (
				402824E123E49CF60039C74A /* Preview Assets.xcassets */,
			);
			path = "Preview Content";
			sourceTree = "<group>";
		};
		402824EE23E49CF60039C74A /* MuseifyTests */ = {
			isa = PBXGroup;
			children = (
				402824EF23E49CF60039C74A /* MuseifyTests.swift */,
				402824F123E49CF60039C74A /* Info.plist */,
			);
			path = MuseifyTests;
			sourceTree = "<group>";
		};
		402824F923E49CF60039C74A /* MuseifyUITests */ = {
			isa = PBXGroup;
			children = (
				402824FA23E49CF60039C74A /* MuseifyUITests.swift */,
				402824FC23E49CF60039C74A /* Info.plist */,
			);
			path = MuseifyUITests;
			sourceTree = "<group>";
		};
		8DB984762436D9EB009CDBF2 /* UploadingOrDownloadingPhotos */ = {
			isa = PBXGroup;
			children = (
				405391B124241F81008117FE /* DisplayImage.swift */,
				8D08173D2411DF5B000C217F /* UploadLogo.swift */,
				40A1AAF2241D55DE004B0DDD /* UploadImage.swift */,
				404C81AE242EAD60003AF2AB /* ImagePicker.swift */,
				404C81B0242EB2A5003AF2AB /* ChooseImageFromLib.swift */,
				404C81B2242EB391003AF2AB /* PhotoCaptureView.swift */,
			);
			path = UploadingOrDownloadingPhotos;
			sourceTree = "<group>";
		};
		8DB984772436DA1F009CDBF2 /* Authentication */ = {
			isa = PBXGroup;
			children = (
				4038047123F245B40067F979 /* Authentication.swift */,
				8D9EE32D23FC51E70022B9C9 /* LogIn.swift */,
				8D9EE32B23FC51730022B9C9 /* SignUpOrLogIn.swift */,
				8D9EE32F23FC526D0022B9C9 /* SignUp.swift */,
			);
			path = Authentication;
			sourceTree = "<group>";
		};
		8DB984782436DA5F009CDBF2 /* SearchingOrParticipatingInHunt */ = {
			isa = PBXGroup;
			children = (
				8DB984742436D566009CDBF2 /* HuntStops.swift */,
				8DCD67942436B4C900AA6C44 /* Search.swift */,
				8DCD679A2436B85D00AA6C44 /* HuntRow.swift */,
			);
			path = SearchingOrParticipatingInHunt;
			sourceTree = "<group>";
		};
		8DB984792436DA93009CDBF2 /* CreatingAHunt */ = {
			isa = PBXGroup;
			children = (
				8D08173F241C1EBE000C217F /* CreateAHunt.swift */,
				40F829D12437A64800AF40AB /* ChooseCoverImage.swift */,
				8D081743241C280C000C217F /* CreateAStop.swift */,
			);
			path = CreatingAHunt;
			sourceTree = "<group>";
		};
		BDCE12044B2D92E8D7D17228 /* Frameworks */ = {
			isa = PBXGroup;
			children = (
				FA3A8909C8A4B50CDCA699A1 /* Pods_Museify.framework */,
				D6645B03DD39EEE588E1CDBC /* Pods_Museify_MuseifyUITests.framework */,
				548AD5BFDF47EE35A2657A4E /* Pods_MuseifyTests.framework */,
			);
			name = Frameworks;
			sourceTree = "<group>";
		};
		C519D12A521D002EA204009B /* Pods */ = {
			isa = PBXGroup;
			children = (
				12F9DCDB0043B0AB08C46750 /* Pods-Museify.debug.xcconfig */,
				FB943E9A5F4D2CF3AB680236 /* Pods-Museify.release.xcconfig */,
				B2A58F469DB8BA0ECC12C646 /* Pods-Museify-MuseifyUITests.debug.xcconfig */,
				7FBF0DDE23DB351DE4505B41 /* Pods-Museify-MuseifyUITests.release.xcconfig */,
				334D51CB520623C18A6D7370 /* Pods-MuseifyTests.debug.xcconfig */,
				D46241219661C9D600006C06 /* Pods-MuseifyTests.release.xcconfig */,
			);
			path = Pods;
			sourceTree = "<group>";
		};
/* End PBXGroup section */

/* Begin PBXNativeTarget section */
		402824D423E49CF20039C74A /* Museify */ = {
			isa = PBXNativeTarget;
			buildConfigurationList = 402824FF23E49CF60039C74A /* Build configuration list for PBXNativeTarget "Museify" */;
			buildPhases = (
				097B5E2A11E7D1BD8B2579FC /* [CP] Check Pods Manifest.lock */,
				402824D123E49CF20039C74A /* Sources */,
				402824D223E49CF20039C74A /* Frameworks */,
				402824D323E49CF20039C74A /* Resources */,
				76CA83905AFEB4EE452794E3 /* [CP] Embed Pods Frameworks */,
			);
			buildRules = (
			);
			dependencies = (
			);
			name = Museify;
			productName = Museify;
			productReference = 402824D523E49CF30039C74A /* Museify.app */;
			productType = "com.apple.product-type.application";
		};
		402824EA23E49CF60039C74A /* MuseifyTests */ = {
			isa = PBXNativeTarget;
			buildConfigurationList = 4028250223E49CF60039C74A /* Build configuration list for PBXNativeTarget "MuseifyTests" */;
			buildPhases = (
				BC355E4F0321CBABD4DBBF04 /* [CP] Check Pods Manifest.lock */,
				402824E723E49CF60039C74A /* Sources */,
				402824E823E49CF60039C74A /* Frameworks */,
				402824E923E49CF60039C74A /* Resources */,
			);
			buildRules = (
			);
			dependencies = (
				402824ED23E49CF60039C74A /* PBXTargetDependency */,
			);
			name = MuseifyTests;
			productName = MuseifyTests;
			productReference = 402824EB23E49CF60039C74A /* MuseifyTests.xctest */;
			productType = "com.apple.product-type.bundle.unit-test";
		};
		402824F523E49CF60039C74A /* MuseifyUITests */ = {
			isa = PBXNativeTarget;
			buildConfigurationList = 4028250523E49CF60039C74A /* Build configuration list for PBXNativeTarget "MuseifyUITests" */;
			buildPhases = (
				E7236C41F0B6570AF9F57D16 /* [CP] Check Pods Manifest.lock */,
				402824F223E49CF60039C74A /* Sources */,
				402824F323E49CF60039C74A /* Frameworks */,
				402824F423E49CF60039C74A /* Resources */,
				E1DB9DB288CF1804E9800B72 /* [CP] Embed Pods Frameworks */,
			);
			buildRules = (
			);
			dependencies = (
				402824F823E49CF60039C74A /* PBXTargetDependency */,
			);
			name = MuseifyUITests;
			productName = MuseifyUITests;
			productReference = 402824F623E49CF60039C74A /* MuseifyUITests.xctest */;
			productType = "com.apple.product-type.bundle.ui-testing";
		};
/* End PBXNativeTarget section */

/* Begin PBXProject section */
		402824CD23E49CF20039C74A /* Project object */ = {
			isa = PBXProject;
			attributes = {
				LastSwiftUpdateCheck = 1130;
				LastUpgradeCheck = 1130;
				ORGANIZATIONNAME = "Ethan Kopf";
				TargetAttributes = {
					402824D423E49CF20039C74A = {
						CreatedOnToolsVersion = 11.3;
					};
					402824EA23E49CF60039C74A = {
						CreatedOnToolsVersion = 11.3;
						TestTargetID = 402824D423E49CF20039C74A;
					};
					402824F523E49CF60039C74A = {
						CreatedOnToolsVersion = 11.3;
						TestTargetID = 402824D423E49CF20039C74A;
					};
				};
			};
			buildConfigurationList = 402824D023E49CF20039C74A /* Build configuration list for PBXProject "Museify" */;
			compatibilityVersion = "Xcode 9.3";
			developmentRegion = en;
			hasScannedForEncodings = 0;
			knownRegions = (
				en,
				Base,
			);
			mainGroup = 402824CC23E49CF20039C74A;
			productRefGroup = 402824D623E49CF30039C74A /* Products */;
			projectDirPath = "";
			projectRoot = "";
			targets = (
				402824D423E49CF20039C74A /* Museify */,
				402824EA23E49CF60039C74A /* MuseifyTests */,
				402824F523E49CF60039C74A /* MuseifyUITests */,
			);
		};
/* End PBXProject section */

/* Begin PBXResourcesBuildPhase section */
		402824D323E49CF20039C74A /* Resources */ = {
			isa = PBXResourcesBuildPhase;
			buildActionMask = 2147483647;
			files = (
				402824E523E49CF60039C74A /* LaunchScreen.storyboard in Resources */,
				403C51BD23F0DB2E0040C47D /* GoogleService-Info.plist in Resources */,
				402824E223E49CF60039C74A /* Preview Assets.xcassets in Resources */,
				400078E423F710000084C8D4 /* M.jpg in Resources */,
				402824DF23E49CF60039C74A /* Assets.xcassets in Resources */,
			);
			runOnlyForDeploymentPostprocessing = 0;
		};
		402824E923E49CF60039C74A /* Resources */ = {
			isa = PBXResourcesBuildPhase;
			buildActionMask = 2147483647;
			files = (
			);
			runOnlyForDeploymentPostprocessing = 0;
		};
		402824F423E49CF60039C74A /* Resources */ = {
			isa = PBXResourcesBuildPhase;
			buildActionMask = 2147483647;
			files = (
			);
			runOnlyForDeploymentPostprocessing = 0;
		};
/* End PBXResourcesBuildPhase section */

/* Begin PBXShellScriptBuildPhase section */
		097B5E2A11E7D1BD8B2579FC /* [CP] Check Pods Manifest.lock */ = {
			isa = PBXShellScriptBuildPhase;
			buildActionMask = 2147483647;
			files = (
			);
			inputFileListPaths = (
			);
			inputPaths = (
				"${PODS_PODFILE_DIR_PATH}/Podfile.lock",
				"${PODS_ROOT}/Manifest.lock",
			);
			name = "[CP] Check Pods Manifest.lock";
			outputFileListPaths = (
			);
			outputPaths = (
				"$(DERIVED_FILE_DIR)/Pods-Museify-checkManifestLockResult.txt",
			);
			runOnlyForDeploymentPostprocessing = 0;
			shellPath = /bin/sh;
			shellScript = "diff \"${PODS_PODFILE_DIR_PATH}/Podfile.lock\" \"${PODS_ROOT}/Manifest.lock\" > /dev/null\nif [ $? != 0 ] ; then\n    # print error to STDERR\n    echo \"error: The sandbox is not in sync with the Podfile.lock. Run 'pod install' or update your CocoaPods installation.\" >&2\n    exit 1\nfi\n# This output is used by Xcode 'outputs' to avoid re-running this script phase.\necho \"SUCCESS\" > \"${SCRIPT_OUTPUT_FILE_0}\"\n";
			showEnvVarsInLog = 0;
		};
		76CA83905AFEB4EE452794E3 /* [CP] Embed Pods Frameworks */ = {
			isa = PBXShellScriptBuildPhase;
			buildActionMask = 2147483647;
			files = (
			);
			inputFileListPaths = (
				"${PODS_ROOT}/Target Support Files/Pods-Museify/Pods-Museify-frameworks-${CONFIGURATION}-input-files.xcfilelist",
			);
			name = "[CP] Embed Pods Frameworks";
			outputFileListPaths = (
				"${PODS_ROOT}/Target Support Files/Pods-Museify/Pods-Museify-frameworks-${CONFIGURATION}-output-files.xcfilelist",
			);
			runOnlyForDeploymentPostprocessing = 0;
			shellPath = /bin/sh;
			shellScript = "\"${PODS_ROOT}/Target Support Files/Pods-Museify/Pods-Museify-frameworks.sh\"\n";
			showEnvVarsInLog = 0;
		};
		BC355E4F0321CBABD4DBBF04 /* [CP] Check Pods Manifest.lock */ = {
			isa = PBXShellScriptBuildPhase;
			buildActionMask = 2147483647;
			files = (
			);
			inputFileListPaths = (
			);
			inputPaths = (
				"${PODS_PODFILE_DIR_PATH}/Podfile.lock",
				"${PODS_ROOT}/Manifest.lock",
			);
			name = "[CP] Check Pods Manifest.lock";
			outputFileListPaths = (
			);
			outputPaths = (
				"$(DERIVED_FILE_DIR)/Pods-MuseifyTests-checkManifestLockResult.txt",
			);
			runOnlyForDeploymentPostprocessing = 0;
			shellPath = /bin/sh;
			shellScript = "diff \"${PODS_PODFILE_DIR_PATH}/Podfile.lock\" \"${PODS_ROOT}/Manifest.lock\" > /dev/null\nif [ $? != 0 ] ; then\n    # print error to STDERR\n    echo \"error: The sandbox is not in sync with the Podfile.lock. Run 'pod install' or update your CocoaPods installation.\" >&2\n    exit 1\nfi\n# This output is used by Xcode 'outputs' to avoid re-running this script phase.\necho \"SUCCESS\" > \"${SCRIPT_OUTPUT_FILE_0}\"\n";
			showEnvVarsInLog = 0;
		};
		E1DB9DB288CF1804E9800B72 /* [CP] Embed Pods Frameworks */ = {
			isa = PBXShellScriptBuildPhase;
			buildActionMask = 2147483647;
			files = (
			);
			inputFileListPaths = (
				"${PODS_ROOT}/Target Support Files/Pods-Museify-MuseifyUITests/Pods-Museify-MuseifyUITests-frameworks-${CONFIGURATION}-input-files.xcfilelist",
			);
			name = "[CP] Embed Pods Frameworks";
			outputFileListPaths = (
				"${PODS_ROOT}/Target Support Files/Pods-Museify-MuseifyUITests/Pods-Museify-MuseifyUITests-frameworks-${CONFIGURATION}-output-files.xcfilelist",
			);
			runOnlyForDeploymentPostprocessing = 0;
			shellPath = /bin/sh;
			shellScript = "\"${PODS_ROOT}/Target Support Files/Pods-Museify-MuseifyUITests/Pods-Museify-MuseifyUITests-frameworks.sh\"\n";
			showEnvVarsInLog = 0;
		};
		E7236C41F0B6570AF9F57D16 /* [CP] Check Pods Manifest.lock */ = {
			isa = PBXShellScriptBuildPhase;
			buildActionMask = 2147483647;
			files = (
			);
			inputFileListPaths = (
			);
			inputPaths = (
				"${PODS_PODFILE_DIR_PATH}/Podfile.lock",
				"${PODS_ROOT}/Manifest.lock",
			);
			name = "[CP] Check Pods Manifest.lock";
			outputFileListPaths = (
			);
			outputPaths = (
				"$(DERIVED_FILE_DIR)/Pods-Museify-MuseifyUITests-checkManifestLockResult.txt",
			);
			runOnlyForDeploymentPostprocessing = 0;
			shellPath = /bin/sh;
			shellScript = "diff \"${PODS_PODFILE_DIR_PATH}/Podfile.lock\" \"${PODS_ROOT}/Manifest.lock\" > /dev/null\nif [ $? != 0 ] ; then\n    # print error to STDERR\n    echo \"error: The sandbox is not in sync with the Podfile.lock. Run 'pod install' or update your CocoaPods installation.\" >&2\n    exit 1\nfi\n# This output is used by Xcode 'outputs' to avoid re-running this script phase.\necho \"SUCCESS\" > \"${SCRIPT_OUTPUT_FILE_0}\"\n";
			showEnvVarsInLog = 0;
		};
/* End PBXShellScriptBuildPhase section */

/* Begin PBXSourcesBuildPhase section */
		402824D123E49CF20039C74A /* Sources */ = {
			isa = PBXSourcesBuildPhase;
			buildActionMask = 2147483647;
			files = (
				40BC9619240AF9BA00DCD4C9 /* ProfilePage.swift in Sources */,
				8D081740241C1EBE000C217F /* CreateAHunt.swift in Sources */,
				404C81AD242EA7B8003AF2AB /* HuntKey.swift in Sources */,
				404C81B1242EB2A5003AF2AB /* ChooseImageFromLib.swift in Sources */,
				40A1AAF3241D55DE004B0DDD /* UploadImage.swift in Sources */,
				402824D923E49CF30039C74A /* AppDelegate.swift in Sources */,
				8D081744241C280C000C217F /* CreateAStop.swift in Sources */,
				8D08173E2411DF5B000C217F /* UploadLogo.swift in Sources */,
				402824DB23E49CF30039C74A /* SceneDelegate.swift in Sources */,
				402824DD23E49CF30039C74A /* ContentView.swift in Sources */,
				8DB984752436D566009CDBF2 /* HuntStops.swift in Sources */,
				8D9EE32C23FC51730022B9C9 /* SignUpOrLogIn.swift in Sources */,
				8DCD679B2436B85D00AA6C44 /* HuntRow.swift in Sources */,
				400078E223F70F9B0084C8D4 /* Logo.swift in Sources */,
				8DCD67952436B4CA00AA6C44 /* Search.swift in Sources */,
				405391B224241F81008117FE /* DisplayImage.swift in Sources */,
				40F829D22437A64800AF40AB /* ChooseCoverImage.swift in Sources */,
				4038047223F245B40067F979 /* Authentication.swift in Sources */,
				404C81AF242EAD60003AF2AB /* ImagePicker.swift in Sources */,
				8D9EE33023FC526D0022B9C9 /* SignUp.swift in Sources */,
				404C81B3242EB391003AF2AB /* PhotoCaptureView.swift in Sources */,
				8D9EE32E23FC51E70022B9C9 /* LogIn.swift in Sources */,
			);
			runOnlyForDeploymentPostprocessing = 0;
		};
		402824E723E49CF60039C74A /* Sources */ = {
			isa = PBXSourcesBuildPhase;
			buildActionMask = 2147483647;
			files = (
				402824F023E49CF60039C74A /* MuseifyTests.swift in Sources */,
			);
			runOnlyForDeploymentPostprocessing = 0;
		};
		402824F223E49CF60039C74A /* Sources */ = {
			isa = PBXSourcesBuildPhase;
			buildActionMask = 2147483647;
			files = (
				402824FB23E49CF60039C74A /* MuseifyUITests.swift in Sources */,
			);
			runOnlyForDeploymentPostprocessing = 0;
		};
/* End PBXSourcesBuildPhase section */

/* Begin PBXTargetDependency section */
		402824ED23E49CF60039C74A /* PBXTargetDependency */ = {
			isa = PBXTargetDependency;
			target = 402824D423E49CF20039C74A /* Museify */;
			targetProxy = 402824EC23E49CF60039C74A /* PBXContainerItemProxy */;
		};
		402824F823E49CF60039C74A /* PBXTargetDependency */ = {
			isa = PBXTargetDependency;
			target = 402824D423E49CF20039C74A /* Museify */;
			targetProxy = 402824F723E49CF60039C74A /* PBXContainerItemProxy */;
		};
/* End PBXTargetDependency section */

/* Begin PBXVariantGroup section */
		402824E323E49CF60039C74A /* LaunchScreen.storyboard */ = {
			isa = PBXVariantGroup;
			children = (
				402824E423E49CF60039C74A /* Base */,
			);
			name = LaunchScreen.storyboard;
			sourceTree = "<group>";
		};
/* End PBXVariantGroup section */

/* Begin XCBuildConfiguration section */
		402824FD23E49CF60039C74A /* Debug */ = {
			isa = XCBuildConfiguration;
			buildSettings = {
				ALWAYS_SEARCH_USER_PATHS = NO;
				CLANG_ANALYZER_NONNULL = YES;
				CLANG_ANALYZER_NUMBER_OBJECT_CONVERSION = YES_AGGRESSIVE;
				CLANG_CXX_LANGUAGE_STANDARD = "gnu++14";
				CLANG_CXX_LIBRARY = "libc++";
				CLANG_ENABLE_MODULES = YES;
				CLANG_ENABLE_OBJC_ARC = YES;
				CLANG_ENABLE_OBJC_WEAK = YES;
				CLANG_WARN_BLOCK_CAPTURE_AUTORELEASING = YES;
				CLANG_WARN_BOOL_CONVERSION = YES;
				CLANG_WARN_COMMA = YES;
				CLANG_WARN_CONSTANT_CONVERSION = YES;
				CLANG_WARN_DEPRECATED_OBJC_IMPLEMENTATIONS = YES;
				CLANG_WARN_DIRECT_OBJC_ISA_USAGE = YES_ERROR;
				CLANG_WARN_DOCUMENTATION_COMMENTS = YES;
				CLANG_WARN_EMPTY_BODY = YES;
				CLANG_WARN_ENUM_CONVERSION = YES;
				CLANG_WARN_INFINITE_RECURSION = YES;
				CLANG_WARN_INT_CONVERSION = YES;
				CLANG_WARN_NON_LITERAL_NULL_CONVERSION = YES;
				CLANG_WARN_OBJC_IMPLICIT_RETAIN_SELF = YES;
				CLANG_WARN_OBJC_LITERAL_CONVERSION = YES;
				CLANG_WARN_OBJC_ROOT_CLASS = YES_ERROR;
				CLANG_WARN_RANGE_LOOP_ANALYSIS = YES;
				CLANG_WARN_STRICT_PROTOTYPES = YES;
				CLANG_WARN_SUSPICIOUS_MOVE = YES;
				CLANG_WARN_UNGUARDED_AVAILABILITY = YES_AGGRESSIVE;
				CLANG_WARN_UNREACHABLE_CODE = YES;
				CLANG_WARN__DUPLICATE_METHOD_MATCH = YES;
				COPY_PHASE_STRIP = NO;
				DEBUG_INFORMATION_FORMAT = dwarf;
				ENABLE_STRICT_OBJC_MSGSEND = YES;
				ENABLE_TESTABILITY = YES;
				GCC_C_LANGUAGE_STANDARD = gnu11;
				GCC_DYNAMIC_NO_PIC = NO;
				GCC_NO_COMMON_BLOCKS = NO;
				GCC_OPTIMIZATION_LEVEL = 0;
				GCC_PREPROCESSOR_DEFINITIONS = (
					"DEBUG=1",
					"$(inherited)",
				);
				GCC_WARN_64_TO_32_BIT_CONVERSION = YES;
				GCC_WARN_ABOUT_RETURN_TYPE = YES_ERROR;
				GCC_WARN_UNDECLARED_SELECTOR = YES;
				GCC_WARN_UNINITIALIZED_AUTOS = YES_AGGRESSIVE;
				GCC_WARN_UNUSED_FUNCTION = YES;
				GCC_WARN_UNUSED_VARIABLE = YES;
				IPHONEOS_DEPLOYMENT_TARGET = 13.1;
				MTL_ENABLE_DEBUG_INFO = INCLUDE_SOURCE;
				MTL_FAST_MATH = YES;
				ONLY_ACTIVE_ARCH = YES;
				SDKROOT = iphoneos;
				SWIFT_ACTIVE_COMPILATION_CONDITIONS = DEBUG;
				SWIFT_OPTIMIZATION_LEVEL = "-Onone";
			};
			name = Debug;
		};
		402824FE23E49CF60039C74A /* Release */ = {
			isa = XCBuildConfiguration;
			buildSettings = {
				ALWAYS_SEARCH_USER_PATHS = NO;
				CLANG_ANALYZER_NONNULL = YES;
				CLANG_ANALYZER_NUMBER_OBJECT_CONVERSION = YES_AGGRESSIVE;
				CLANG_CXX_LANGUAGE_STANDARD = "gnu++14";
				CLANG_CXX_LIBRARY = "libc++";
				CLANG_ENABLE_MODULES = YES;
				CLANG_ENABLE_OBJC_ARC = YES;
				CLANG_ENABLE_OBJC_WEAK = YES;
				CLANG_WARN_BLOCK_CAPTURE_AUTORELEASING = YES;
				CLANG_WARN_BOOL_CONVERSION = YES;
				CLANG_WARN_COMMA = YES;
				CLANG_WARN_CONSTANT_CONVERSION = YES;
				CLANG_WARN_DEPRECATED_OBJC_IMPLEMENTATIONS = YES;
				CLANG_WARN_DIRECT_OBJC_ISA_USAGE = YES_ERROR;
				CLANG_WARN_DOCUMENTATION_COMMENTS = YES;
				CLANG_WARN_EMPTY_BODY = YES;
				CLANG_WARN_ENUM_CONVERSION = YES;
				CLANG_WARN_INFINITE_RECURSION = YES;
				CLANG_WARN_INT_CONVERSION = YES;
				CLANG_WARN_NON_LITERAL_NULL_CONVERSION = YES;
				CLANG_WARN_OBJC_IMPLICIT_RETAIN_SELF = YES;
				CLANG_WARN_OBJC_LITERAL_CONVERSION = YES;
				CLANG_WARN_OBJC_ROOT_CLASS = YES_ERROR;
				CLANG_WARN_RANGE_LOOP_ANALYSIS = YES;
				CLANG_WARN_STRICT_PROTOTYPES = YES;
				CLANG_WARN_SUSPICIOUS_MOVE = YES;
				CLANG_WARN_UNGUARDED_AVAILABILITY = YES_AGGRESSIVE;
				CLANG_WARN_UNREACHABLE_CODE = YES;
				CLANG_WARN__DUPLICATE_METHOD_MATCH = YES;
				COPY_PHASE_STRIP = NO;
				DEBUG_INFORMATION_FORMAT = "dwarf-with-dsym";
				ENABLE_NS_ASSERTIONS = NO;
				ENABLE_STRICT_OBJC_MSGSEND = YES;
				GCC_C_LANGUAGE_STANDARD = gnu11;
				GCC_NO_COMMON_BLOCKS = NO;
				GCC_WARN_64_TO_32_BIT_CONVERSION = YES;
				GCC_WARN_ABOUT_RETURN_TYPE = YES_ERROR;
				GCC_WARN_UNDECLARED_SELECTOR = YES;
				GCC_WARN_UNINITIALIZED_AUTOS = YES_AGGRESSIVE;
				GCC_WARN_UNUSED_FUNCTION = YES;
				GCC_WARN_UNUSED_VARIABLE = YES;
				IPHONEOS_DEPLOYMENT_TARGET = 13.1;
				MTL_ENABLE_DEBUG_INFO = NO;
				MTL_FAST_MATH = YES;
				SDKROOT = iphoneos;
				SWIFT_COMPILATION_MODE = wholemodule;
				SWIFT_OPTIMIZATION_LEVEL = "-O";
				VALIDATE_PRODUCT = YES;
			};
			name = Release;
		};
		4028250023E49CF60039C74A /* Debug */ = {
			isa = XCBuildConfiguration;
			baseConfigurationReference = 12F9DCDB0043B0AB08C46750 /* Pods-Museify.debug.xcconfig */;
			buildSettings = {
				ASSETCATALOG_COMPILER_APPICON_NAME = AppIcon;
				CODE_SIGN_STYLE = Automatic;
				DEVELOPMENT_ASSET_PATHS = "\"Museify/Preview Content\"";
				DEVELOPMENT_TEAM = Y2A32J363X;
				ENABLE_PREVIEWS = YES;
				INFOPLIST_FILE = Museify/Info.plist;
				IPHONEOS_DEPLOYMENT_TARGET = 13.1;
				LD_RUNPATH_SEARCH_PATHS = (
					"$(inherited)",
					"@executable_path/Frameworks",
				);
				PRODUCT_BUNDLE_IDENTIFIER = ethankopf.Museify;
				PRODUCT_NAME = "$(TARGET_NAME)";
				SWIFT_VERSION = 5.0;
				TARGETED_DEVICE_FAMILY = "1,2";
			};
			name = Debug;
		};
		4028250123E49CF60039C74A /* Release */ = {
			isa = XCBuildConfiguration;
			baseConfigurationReference = FB943E9A5F4D2CF3AB680236 /* Pods-Museify.release.xcconfig */;
			buildSettings = {
				ASSETCATALOG_COMPILER_APPICON_NAME = AppIcon;
				CODE_SIGN_STYLE = Automatic;
				DEVELOPMENT_ASSET_PATHS = "\"Museify/Preview Content\"";
				DEVELOPMENT_TEAM = Y2A32J363X;
				ENABLE_PREVIEWS = YES;
				INFOPLIST_FILE = Museify/Info.plist;
				IPHONEOS_DEPLOYMENT_TARGET = 13.1;
				LD_RUNPATH_SEARCH_PATHS = (
					"$(inherited)",
					"@executable_path/Frameworks",
				);
				PRODUCT_BUNDLE_IDENTIFIER = ethankopf.Museify;
				PRODUCT_NAME = "$(TARGET_NAME)";
				SWIFT_VERSION = 5.0;
				TARGETED_DEVICE_FAMILY = "1,2";
			};
			name = Release;
		};
		4028250323E49CF60039C74A /* Debug */ = {
			isa = XCBuildConfiguration;
			baseConfigurationReference = 334D51CB520623C18A6D7370 /* Pods-MuseifyTests.debug.xcconfig */;
			buildSettings = {
				ALWAYS_EMBED_SWIFT_STANDARD_LIBRARIES = YES;
				BUNDLE_LOADER = "$(TEST_HOST)";
				CODE_SIGN_STYLE = Automatic;
				DEVELOPMENT_TEAM = Y2A32J363X;
				INFOPLIST_FILE = MuseifyTests/Info.plist;
				IPHONEOS_DEPLOYMENT_TARGET = 13.1;
				LD_RUNPATH_SEARCH_PATHS = (
					"$(inherited)",
					"@executable_path/Frameworks",
					"@loader_path/Frameworks",
				);
				PRODUCT_BUNDLE_IDENTIFIER = ethankopf.MuseifyTests;
				PRODUCT_NAME = "$(TARGET_NAME)";
				SWIFT_VERSION = 5.0;
				TARGETED_DEVICE_FAMILY = "1,2";
				TEST_HOST = "$(BUILT_PRODUCTS_DIR)/Museify.app/Museify";
			};
			name = Debug;
		};
		4028250423E49CF60039C74A /* Release */ = {
			isa = XCBuildConfiguration;
			baseConfigurationReference = D46241219661C9D600006C06 /* Pods-MuseifyTests.release.xcconfig */;
			buildSettings = {
				ALWAYS_EMBED_SWIFT_STANDARD_LIBRARIES = YES;
				BUNDLE_LOADER = "$(TEST_HOST)";
				CODE_SIGN_STYLE = Automatic;
				DEVELOPMENT_TEAM = Y2A32J363X;
				INFOPLIST_FILE = MuseifyTests/Info.plist;
				IPHONEOS_DEPLOYMENT_TARGET = 13.1;
				LD_RUNPATH_SEARCH_PATHS = (
					"$(inherited)",
					"@executable_path/Frameworks",
					"@loader_path/Frameworks",
				);
				PRODUCT_BUNDLE_IDENTIFIER = ethankopf.MuseifyTests;
				PRODUCT_NAME = "$(TARGET_NAME)";
				SWIFT_VERSION = 5.0;
				TARGETED_DEVICE_FAMILY = "1,2";
				TEST_HOST = "$(BUILT_PRODUCTS_DIR)/Museify.app/Museify";
			};
			name = Release;
		};
		4028250623E49CF60039C74A /* Debug */ = {
			isa = XCBuildConfiguration;
			baseConfigurationReference = B2A58F469DB8BA0ECC12C646 /* Pods-Museify-MuseifyUITests.debug.xcconfig */;
			buildSettings = {
				ALWAYS_EMBED_SWIFT_STANDARD_LIBRARIES = YES;
				CODE_SIGN_STYLE = Automatic;
				DEVELOPMENT_TEAM = Y2A32J363X;
				INFOPLIST_FILE = MuseifyUITests/Info.plist;
				LD_RUNPATH_SEARCH_PATHS = (
					"$(inherited)",
					"@executable_path/Frameworks",
					"@loader_path/Frameworks",
				);
				PRODUCT_BUNDLE_IDENTIFIER = ethankopf.MuseifyUITests;
				PRODUCT_NAME = "$(TARGET_NAME)";
				SWIFT_VERSION = 5.0;
				TARGETED_DEVICE_FAMILY = "1,2";
				TEST_TARGET_NAME = Museify;
			};
			name = Debug;
		};
		4028250723E49CF60039C74A /* Release */ = {
			isa = XCBuildConfiguration;
			baseConfigurationReference = 7FBF0DDE23DB351DE4505B41 /* Pods-Museify-MuseifyUITests.release.xcconfig */;
			buildSettings = {
				ALWAYS_EMBED_SWIFT_STANDARD_LIBRARIES = YES;
				CODE_SIGN_STYLE = Automatic;
				DEVELOPMENT_TEAM = Y2A32J363X;
				INFOPLIST_FILE = MuseifyUITests/Info.plist;
				LD_RUNPATH_SEARCH_PATHS = (
					"$(inherited)",
					"@executable_path/Frameworks",
					"@loader_path/Frameworks",
				);
				PRODUCT_BUNDLE_IDENTIFIER = ethankopf.MuseifyUITests;
				PRODUCT_NAME = "$(TARGET_NAME)";
				SWIFT_VERSION = 5.0;
				TARGETED_DEVICE_FAMILY = "1,2";
				TEST_TARGET_NAME = Museify;
			};
			name = Release;
		};
/* End XCBuildConfiguration section */

/* Begin XCConfigurationList section */
		402824D023E49CF20039C74A /* Build configuration list for PBXProject "Museify" */ = {
			isa = XCConfigurationList;
			buildConfigurations = (
				402824FD23E49CF60039C74A /* Debug */,
				402824FE23E49CF60039C74A /* Release */,
			);
			defaultConfigurationIsVisible = 0;
			defaultConfigurationName = Release;
		};
		402824FF23E49CF60039C74A /* Build configuration list for PBXNativeTarget "Museify" */ = {
			isa = XCConfigurationList;
			buildConfigurations = (
				4028250023E49CF60039C74A /* Debug */,
				4028250123E49CF60039C74A /* Release */,
			);
			defaultConfigurationIsVisible = 0;
			defaultConfigurationName = Release;
		};
		4028250223E49CF60039C74A /* Build configuration list for PBXNativeTarget "MuseifyTests" */ = {
			isa = XCConfigurationList;
			buildConfigurations = (
				4028250323E49CF60039C74A /* Debug */,
				4028250423E49CF60039C74A /* Release */,
			);
			defaultConfigurationIsVisible = 0;
			defaultConfigurationName = Release;
		};
		4028250523E49CF60039C74A /* Build configuration list for PBXNativeTarget "MuseifyUITests" */ = {
			isa = XCConfigurationList;
			buildConfigurations = (
				4028250623E49CF60039C74A /* Debug */,
				4028250723E49CF60039C74A /* Release */,
			);
			defaultConfigurationIsVisible = 0;
			defaultConfigurationName = Release;
		};
/* End XCConfigurationList section */
	};
	rootObject = 402824CD23E49CF20039C74A /* Project object */;
}
